
Microsoft Visual Studio Solution File, Format Version 12.00
# Visual Studio 2013
VisualStudioVersion = 12.0.31101.0
MinimumVisualStudioVersion = 10.0.40219.1
Project("{FAE04EC0-301F-11D3-BF4B-00C04F79EFBC}") = "fibnrs", "fibnrs\fibnrs.csproj", "{00B3CA2E-0C7E-470B-B60A-1457DB9568E4}"
EndProject
Project("{FAE04EC0-301F-11D3-BF4B-00C04F79EFBC}") = "fibnrs.test", "fibnrs.test\fibnrs.test.csproj", "{1B26647E-B70F-43A2-9F0A-41B72B834204}"
EndProject
Global
	GlobalSection(SolutionConfigurationPlatforms) = preSolution
		Debug|Any CPU = Debug|Any CPU
		Release|Any CPU = Release|Any CPU
	EndGlobalSection
	GlobalSection(ProjectConfigurationPlatforms) = postSolution
		{00B3CA2E-0C7E-470B-B60A-1457DB9568E4}.Debug|Any CPU.ActiveCfg = Debug|Any CPU
		{00B3CA2E-0C7E-470B-B60A-1457DB9568E4}.Debug|Any CPU.Build.0 = Debug|Any CPU
		{00B3CA2E-0C7E-470B-B60A-1457DB9568E4}.Release|Any CPU.ActiveCfg = Release|Any CPU
		{00B3CA2E-0C7E-470B-B60A-1457DB9568E4}.Release|Any CPU.Build.0 = Release|Any CPU
		{1B26647E-B70F-43A2-9F0A-41B72B834204}.Debug|Any CPU.ActiveCfg = Debug|Any CPU
		{1B26647E-B70F-43A2-9F0A-41B72B834204}.Debug|Any CPU.Build.0 = Debug|Any CPU
		{1B26647E-B70F-43A2-9F0A-41B72B834204}.Release|Any CPU.ActiveCfg = Release|Any CPU
		{1B26647E-B70F-43A2-9F0A-41B72B834204}.Release|Any CPU.Build.0 = Release|Any CPU
	EndGlobalSection
	GlobalSection(SolutionProperties) = preSolution
		HideSolutionNode = FALSE
	EndGlobalSection
EndGlobal
